{
  "version": 4,
  "terraform_version": "1.5.5",
  "serial": 24,
  "lineage": "ecbc1b92-8de5-f8c3-79b7-4343631656e2",
  "outputs": {},
  "resources": [
    {
      "mode": "data",
      "type": "vsphere_host",
      "name": "host",
      "provider": "provider[\"registry.terraform.io/hashicorp/vsphere\"]",
      "instances": []
    },
    {
      "mode": "data",
      "type": "vsphere_host_thumbprint",
      "name": "thumbprint",
      "provider": "provider[\"registry.terraform.io/hashicorp/vsphere\"]",
      "instances": [
        {
          "schema_version": 0,
          "attributes": {
            "address": "esxi01.h2o-2-22818.h2o.vmware.com",
            "id": "0F:21:E8:B5:DD:ED:D5:16:E0:7F:89:B7:30:50:10:24:77:64:8B:EA",
            "insecure": true,
            "port": "443"
          },
          "sensitive_attributes": []
        }
      ]
    },
    {
      "mode": "managed",
      "type": "vsphere_datacenter",
      "name": "dc",
      "provider": "provider[\"registry.terraform.io/hashicorp/vsphere\"]",
      "instances": [
        {
          "schema_version": 0,
          "attributes": {
            "custom_attributes": null,
            "folder": null,
            "id": "dc01",
            "moid": "datacenter-70",
            "name": "dc01",
            "tags": null
          },
          "sensitive_attributes": [],
          "private": "bnVsbA=="
        }
      ]
    }
  ],
  "check_results": null
}
